
Microsoft Visual Studio Solution File, Format Version 12.00
# Visual Studio Version 17
VisualStudioVersion = 17.3.32825.248
MinimumVisualStudioVersion = 10.0.40219.1
Project("{FAE04EC0-301F-11D3-BF4B-00C04F79EFBC}") = "Excercise Tracker", "Excercise Tracker\Excercise Tracker.csproj", "{D33339B4-4D25-41E7-9E1F-B4400C8C0205}"
EndProject
Global
	GlobalSection(SolutionConfigurationPlatforms) = preSolution
		Debug|Any CPU = Debug|Any CPU
		Release|Any CPU = Release|Any CPU
	EndGlobalSection
	GlobalSection(ProjectConfigurationPlatforms) = postSolution
		{D33339B4-4D25-41E7-9E1F-B4400C8C0205}.Debug|Any CPU.ActiveCfg = Debug|Any CPU
		{D33339B4-4D25-41E7-9E1F-B4400C8C0205}.Debug|Any CPU.Build.0 = Debug|Any CPU
		{D33339B4-4D25-41E7-9E1F-B4400C8C0205}.Release|Any CPU.ActiveCfg = Release|Any CPU
		{D33339B4-4D25-41E7-9E1F-B4400C8C0205}.Release|Any CPU.Build.0 = Release|Any CPU
	EndGlobalSection
	GlobalSection(SolutionProperties) = preSolution
		HideSolutionNode = FALSE
	EndGlobalSection
	GlobalSection(ExtensibilityGlobals) = postSolution
		SolutionGuid = {E40745F3-84E6-456F-A39D-16E804EA19E2}
	EndGlobalSection
EndGlobal
